
Microsoft Visual Studio Solution File, Format Version 12.00
# Visual Studio 15
VisualStudioVersion = 15.0.26124.0
MinimumVisualStudioVersion = 15.0.26124.0
Project("{FAE04EC0-301F-11D3-BF4B-00C04F79EFBC}") = "Todo.Api", "Todo.Api\Todo.Api.csproj", "{82CB3560-E71C-4B0E-AB37-B2C6AD2CF4B9}"
EndProject
Project("{FAE04EC0-301F-11D3-BF4B-00C04F79EFBC}") = "Todo.Domain", "Todo.Domain\Todo.Domain.csproj", "{8841194C-19CE-41FD-AA63-9710DE5C8437}"
EndProject
Project("{FAE04EC0-301F-11D3-BF4B-00C04F79EFBC}") = "Todo.Services", "Todo.Services\Todo.Services.csproj", "{AF3779FD-5FE2-4684-9BA0-518877B4B025}"
EndProject
Project("{FAE04EC0-301F-11D3-BF4B-00C04F79EFBC}") = "Todo.Data", "Todo.Data\Todo.Data.csproj", "{1DE7388A-F55F-441C-BF16-47308C31A23D}"
EndProject
Project("{FAE04EC0-301F-11D3-BF4B-00C04F79EFBC}") = "Todo.Services.Test", "Todo.Services.Test\Todo.Services.Test.csproj", "{2B17DBDE-DF8C-4436-9500-BA5F8D387A7D}"
EndProject
Global
	GlobalSection(SolutionConfigurationPlatforms) = preSolution
		Debug|Any CPU = Debug|Any CPU
		Debug|x64 = Debug|x64
		Debug|x86 = Debug|x86
		Release|Any CPU = Release|Any CPU
		Release|x64 = Release|x64
		Release|x86 = Release|x86
	EndGlobalSection
	GlobalSection(SolutionProperties) = preSolution
		HideSolutionNode = FALSE
	EndGlobalSection
	GlobalSection(ProjectConfigurationPlatforms) = postSolution
		{82CB3560-E71C-4B0E-AB37-B2C6AD2CF4B9}.Debug|Any CPU.ActiveCfg = Debug|Any CPU
		{82CB3560-E71C-4B0E-AB37-B2C6AD2CF4B9}.Debug|Any CPU.Build.0 = Debug|Any CPU
		{82CB3560-E71C-4B0E-AB37-B2C6AD2CF4B9}.Debug|x64.ActiveCfg = Debug|Any CPU
		{82CB3560-E71C-4B0E-AB37-B2C6AD2CF4B9}.Debug|x64.Build.0 = Debug|Any CPU
		{82CB3560-E71C-4B0E-AB37-B2C6AD2CF4B9}.Debug|x86.ActiveCfg = Debug|Any CPU
		{82CB3560-E71C-4B0E-AB37-B2C6AD2CF4B9}.Debug|x86.Build.0 = Debug|Any CPU
		{82CB3560-E71C-4B0E-AB37-B2C6AD2CF4B9}.Release|Any CPU.ActiveCfg = Release|Any CPU
		{82CB3560-E71C-4B0E-AB37-B2C6AD2CF4B9}.Release|Any CPU.Build.0 = Release|Any CPU
		{82CB3560-E71C-4B0E-AB37-B2C6AD2CF4B9}.Release|x64.ActiveCfg = Release|Any CPU
		{82CB3560-E71C-4B0E-AB37-B2C6AD2CF4B9}.Release|x64.Build.0 = Release|Any CPU
		{82CB3560-E71C-4B0E-AB37-B2C6AD2CF4B9}.Release|x86.ActiveCfg = Release|Any CPU
		{82CB3560-E71C-4B0E-AB37-B2C6AD2CF4B9}.Release|x86.Build.0 = Release|Any CPU
		{8841194C-19CE-41FD-AA63-9710DE5C8437}.Debug|Any CPU.ActiveCfg = Debug|Any CPU
		{8841194C-19CE-41FD-AA63-9710DE5C8437}.Debug|Any CPU.Build.0 = Debug|Any CPU
		{8841194C-19CE-41FD-AA63-9710DE5C8437}.Debug|x64.ActiveCfg = Debug|Any CPU
		{8841194C-19CE-41FD-AA63-9710DE5C8437}.Debug|x64.Build.0 = Debug|Any CPU
		{8841194C-19CE-41FD-AA63-9710DE5C8437}.Debug|x86.ActiveCfg = Debug|Any CPU
		{8841194C-19CE-41FD-AA63-9710DE5C8437}.Debug|x86.Build.0 = Debug|Any CPU
		{8841194C-19CE-41FD-AA63-9710DE5C8437}.Release|Any CPU.ActiveCfg = Release|Any CPU
		{8841194C-19CE-41FD-AA63-9710DE5C8437}.Release|Any CPU.Build.0 = Release|Any CPU
		{8841194C-19CE-41FD-AA63-9710DE5C8437}.Release|x64.ActiveCfg = Release|Any CPU
		{8841194C-19CE-41FD-AA63-9710DE5C8437}.Release|x64.Build.0 = Release|Any CPU
		{8841194C-19CE-41FD-AA63-9710DE5C8437}.Release|x86.ActiveCfg = Release|Any CPU
		{8841194C-19CE-41FD-AA63-9710DE5C8437}.Release|x86.Build.0 = Release|Any CPU
		{AF3779FD-5FE2-4684-9BA0-518877B4B025}.Debug|Any CPU.ActiveCfg = Debug|Any CPU
		{AF3779FD-5FE2-4684-9BA0-518877B4B025}.Debug|Any CPU.Build.0 = Debug|Any CPU
		{AF3779FD-5FE2-4684-9BA0-518877B4B025}.Debug|x64.ActiveCfg = Debug|Any CPU
		{AF3779FD-5FE2-4684-9BA0-518877B4B025}.Debug|x64.Build.0 = Debug|Any CPU
		{AF3779FD-5FE2-4684-9BA0-518877B4B025}.Debug|x86.ActiveCfg = Debug|Any CPU
		{AF3779FD-5FE2-4684-9BA0-518877B4B025}.Debug|x86.Build.0 = Debug|Any CPU
		{AF3779FD-5FE2-4684-9BA0-518877B4B025}.Release|Any CPU.ActiveCfg = Release|Any CPU
		{AF3779FD-5FE2-4684-9BA0-518877B4B025}.Release|Any CPU.Build.0 = Release|Any CPU
		{AF3779FD-5FE2-4684-9BA0-518877B4B025}.Release|x64.ActiveCfg = Release|Any CPU
		{AF3779FD-5FE2-4684-9BA0-518877B4B025}.Release|x64.Build.0 = Release|Any CPU
		{AF3779FD-5FE2-4684-9BA0-518877B4B025}.Release|x86.ActiveCfg = Release|Any CPU
		{AF3779FD-5FE2-4684-9BA0-518877B4B025}.Release|x86.Build.0 = Release|Any CPU
		{1DE7388A-F55F-441C-BF16-47308C31A23D}.Debug|Any CPU.ActiveCfg = Debug|Any CPU
		{1DE7388A-F55F-441C-BF16-47308C31A23D}.Debug|Any CPU.Build.0 = Debug|Any CPU
		{1DE7388A-F55F-441C-BF16-47308C31A23D}.Debug|x64.ActiveCfg = Debug|Any CPU
		{1DE7388A-F55F-441C-BF16-47308C31A23D}.Debug|x64.Build.0 = Debug|Any CPU
		{1DE7388A-F55F-441C-BF16-47308C31A23D}.Debug|x86.ActiveCfg = Debug|Any CPU
		{1DE7388A-F55F-441C-BF16-47308C31A23D}.Debug|x86.Build.0 = Debug|Any CPU
		{1DE7388A-F55F-441C-BF16-47308C31A23D}.Release|Any CPU.ActiveCfg = Release|Any CPU
		{1DE7388A-F55F-441C-BF16-47308C31A23D}.Release|Any CPU.Build.0 = Release|Any CPU
		{1DE7388A-F55F-441C-BF16-47308C31A23D}.Release|x64.ActiveCfg = Release|Any CPU
		{1DE7388A-F55F-441C-BF16-47308C31A23D}.Release|x64.Build.0 = Release|Any CPU
		{1DE7388A-F55F-441C-BF16-47308C31A23D}.Release|x86.ActiveCfg = Release|Any CPU
		{1DE7388A-F55F-441C-BF16-47308C31A23D}.Release|x86.Build.0 = Release|Any CPU
		{C3FB9077-4D38-431C-8BCB-004EE5ED242E}.Debug|Any CPU.ActiveCfg = Debug|Any CPU
		{C3FB9077-4D38-431C-8BCB-004EE5ED242E}.Debug|Any CPU.Build.0 = Debug|Any CPU
		{C3FB9077-4D38-431C-8BCB-004EE5ED242E}.Debug|x64.ActiveCfg = Debug|Any CPU
		{C3FB9077-4D38-431C-8BCB-004EE5ED242E}.Debug|x64.Build.0 = Debug|Any CPU
		{C3FB9077-4D38-431C-8BCB-004EE5ED242E}.Debug|x86.ActiveCfg = Debug|Any CPU
		{C3FB9077-4D38-431C-8BCB-004EE5ED242E}.Debug|x86.Build.0 = Debug|Any CPU
		{C3FB9077-4D38-431C-8BCB-004EE5ED242E}.Release|Any CPU.ActiveCfg = Release|Any CPU
		{C3FB9077-4D38-431C-8BCB-004EE5ED242E}.Release|Any CPU.Build.0 = Release|Any CPU
		{C3FB9077-4D38-431C-8BCB-004EE5ED242E}.Release|x64.ActiveCfg = Release|Any CPU
		{C3FB9077-4D38-431C-8BCB-004EE5ED242E}.Release|x64.Build.0 = Release|Any CPU
		{C3FB9077-4D38-431C-8BCB-004EE5ED242E}.Release|x86.ActiveCfg = Release|Any CPU
		{C3FB9077-4D38-431C-8BCB-004EE5ED242E}.Release|x86.Build.0 = Release|Any CPU
		{2B17DBDE-DF8C-4436-9500-BA5F8D387A7D}.Debug|Any CPU.ActiveCfg = Debug|Any CPU
		{2B17DBDE-DF8C-4436-9500-BA5F8D387A7D}.Debug|Any CPU.Build.0 = Debug|Any CPU
		{2B17DBDE-DF8C-4436-9500-BA5F8D387A7D}.Debug|x64.ActiveCfg = Debug|Any CPU
		{2B17DBDE-DF8C-4436-9500-BA5F8D387A7D}.Debug|x64.Build.0 = Debug|Any CPU
		{2B17DBDE-DF8C-4436-9500-BA5F8D387A7D}.Debug|x86.ActiveCfg = Debug|Any CPU
		{2B17DBDE-DF8C-4436-9500-BA5F8D387A7D}.Debug|x86.Build.0 = Debug|Any CPU
		{2B17DBDE-DF8C-4436-9500-BA5F8D387A7D}.Release|Any CPU.ActiveCfg = Release|Any CPU
		{2B17DBDE-DF8C-4436-9500-BA5F8D387A7D}.Release|Any CPU.Build.0 = Release|Any CPU
		{2B17DBDE-DF8C-4436-9500-BA5F8D387A7D}.Release|x64.ActiveCfg = Release|Any CPU
		{2B17DBDE-DF8C-4436-9500-BA5F8D387A7D}.Release|x64.Build.0 = Release|Any CPU
		{2B17DBDE-DF8C-4436-9500-BA5F8D387A7D}.Release|x86.ActiveCfg = Release|Any CPU
		{2B17DBDE-DF8C-4436-9500-BA5F8D387A7D}.Release|x86.Build.0 = Release|Any CPU
	EndGlobalSection
EndGlobal
